# THIS IS AN AUTOGENERATED FILE. DO NOT EDIT THIS FILE DIRECTLY.
# yarn lockfile v1


"@angular/cdk@^8.1.0":
  version "8.1.0"
  resolved "https://registry.npm.taobao.org/@angular/cdk/download/@angular/cdk-8.1.0.tgz#6eda3e3ecfe157e7c7790b6d1c7e2d7e9f59dd1e"
  integrity sha1-bto+Ps/hV+fHeQttHH4tfp9Z3R4=
  dependencies:
    tslib "^1.7.1"
  optionalDependencies:
    parse5 "^5.0.0"

parse5@^5.0.0:
  version "5.1.0"
  resolved "https://registry.npm.taobao.org/parse5/download/parse5-5.1.0.tgz#c59341c9723f414c452975564c7c00a68d58acd2"
  integrity sha1-xZNByXI/QUxFKXVWTHwApo1YrNI=

tslib@^1.7.1:
  version "1.10.0"
  resolved "https://registry.npm.taobao.org/tslib/download/tslib-1.10.0.tgz#c3c19f95973fb0a62973fb09d90d961ee43e5c8a"
  integrity sha1-w8GflZc/sKYpc/sJ2Q2WHuQ+XIo=
